
Microsoft Visual Studio Solution File, Format Version 12.00
# Visual Studio Version 17
VisualStudioVersion = 17.1.32421.90
MinimumVisualStudioVersion = 10.0.40219.1
Project("{FAE04EC0-301F-11D3-BF4B-00C04F79EFBC}") = "SiriusApp.ProgrammingTasks", "SiriusApp.ProgrammingTasks\SiriusApp.ProgrammingTasks.csproj", "{A5C2ADE9-15E4-4A97-97F0-1F7B1E901D1A}"
EndProject
Global
	GlobalSection(SolutionConfigurationPlatforms) = preSolution
		Debug|Any CPU = Debug|Any CPU
		Release|Any CPU = Release|Any CPU
	EndGlobalSection
	GlobalSection(ProjectConfigurationPlatforms) = postSolution
		{A5C2ADE9-15E4-4A97-97F0-1F7B1E901D1A}.Debug|Any CPU.ActiveCfg = Debug|Any CPU
		{A5C2ADE9-15E4-4A97-97F0-1F7B1E901D1A}.Debug|Any CPU.Build.0 = Debug|Any CPU
		{A5C2ADE9-15E4-4A97-97F0-1F7B1E901D1A}.Release|Any CPU.ActiveCfg = Release|Any CPU
		{A5C2ADE9-15E4-4A97-97F0-1F7B1E901D1A}.Release|Any CPU.Build.0 = Release|Any CPU
	EndGlobalSection
	GlobalSection(SolutionProperties) = preSolution
		HideSolutionNode = FALSE
	EndGlobalSection
	GlobalSection(ExtensibilityGlobals) = postSolution
		SolutionGuid = {00A75CC1-35C1-4187-82C9-413025A08907}
	EndGlobalSection
EndGlobal
